
Microsoft Visual Studio Solution File, Format Version 12.00
# Visual Studio Version 17
VisualStudioVersion = 17.4.33205.214
MinimumVisualStudioVersion = 10.0.40219.1
Project("{FAE04EC0-301F-11D3-BF4B-00C04F79EFBC}") = "SpeechListWpfControl", "SpeechListWpfControl\SpeechListWpfControl.csproj", "{56275F7D-DE0A-4CDA-B48F-2488B4ED9AD5}"
EndProject
Global
	GlobalSection(SolutionConfigurationPlatforms) = preSolution
		Debug|Any CPU = Debug|Any CPU
		Release|Any CPU = Release|Any CPU
	EndGlobalSection
	GlobalSection(ProjectConfigurationPlatforms) = postSolution
		{56275F7D-DE0A-4CDA-B48F-2488B4ED9AD5}.Debug|Any CPU.ActiveCfg = Debug|Any CPU
		{56275F7D-DE0A-4CDA-B48F-2488B4ED9AD5}.Debug|Any CPU.Build.0 = Debug|Any CPU
		{56275F7D-DE0A-4CDA-B48F-2488B4ED9AD5}.Release|Any CPU.ActiveCfg = Release|Any CPU
		{56275F7D-DE0A-4CDA-B48F-2488B4ED9AD5}.Release|Any CPU.Build.0 = Release|Any CPU
	EndGlobalSection
	GlobalSection(SolutionProperties) = preSolution
		HideSolutionNode = FALSE
	EndGlobalSection
	GlobalSection(ExtensibilityGlobals) = postSolution
		SolutionGuid = {65399167-36BA-4FA1-AE5D-91C23726F4F2}
	EndGlobalSection
EndGlobal
